
Microsoft Visual Studio Solution File, Format Version 12.00
# Visual Studio Version 16
VisualStudioVersion = 16.0.30503.244
MinimumVisualStudioVersion = 10.0.40219.1
Project("{FAE04EC0-301F-11D3-BF4B-00C04F79EFBC}") = "SortApp", "SortApp\SortApp.csproj", "{CC1DF2BD-898A-4758-BD3C-A6678DA43F11}"
EndProject
Global
	GlobalSection(SolutionConfigurationPlatforms) = preSolution
		Debug|Any CPU = Debug|Any CPU
		Release|Any CPU = Release|Any CPU
	EndGlobalSection
	GlobalSection(ProjectConfigurationPlatforms) = postSolution
		{CC1DF2BD-898A-4758-BD3C-A6678DA43F11}.Debug|Any CPU.ActiveCfg = Debug|Any CPU
		{CC1DF2BD-898A-4758-BD3C-A6678DA43F11}.Debug|Any CPU.Build.0 = Debug|Any CPU
		{CC1DF2BD-898A-4758-BD3C-A6678DA43F11}.Release|Any CPU.ActiveCfg = Release|Any CPU
		{CC1DF2BD-898A-4758-BD3C-A6678DA43F11}.Release|Any CPU.Build.0 = Release|Any CPU
	EndGlobalSection
	GlobalSection(SolutionProperties) = preSolution
		HideSolutionNode = FALSE
	EndGlobalSection
	GlobalSection(ExtensibilityGlobals) = postSolution
		SolutionGuid = {6A317E45-A17A-45F2-BD45-00C9849BC074}
	EndGlobalSection
EndGlobal
